Microsoft Visual Studio Solution File, Format Version 12.00
# Visual Studio Version 17
VisualStudioVersion = 17.5.2.0
MinimumVisualStudioVersion = 10.0.40219.1
Project("{2150E333-8FDC-42A3-9474-1A3956D46DE8}") = "decompiled", "decompiled", "{025CD755-29FC-D5EE-43B4-AF1FEEC65CD0}"
EndProject
Project("{FAE04EC0-301F-11D3-BF4B-00C04F79EFBC}") = "WFanManager", "decompiled\WFanManager\WFanManager.csproj", "{EE537B4D-9B5A-B7D3-D2B9-5A6647C7C552}"
EndProject
Global
	GlobalSection(SolutionConfigurationPlatforms) = preSolution
		Debug|Any CPU = Debug|Any CPU
		Release|Any CPU = Release|Any CPU
	EndGlobalSection
	GlobalSection(ProjectConfigurationPlatforms) = postSolution
		{EE537B4D-9B5A-B7D3-D2B9-5A6647C7C552}.Debug|Any CPU.ActiveCfg = Debug|Any CPU
		{EE537B4D-9B5A-B7D3-D2B9-5A6647C7C552}.Debug|Any CPU.Build.0 = Debug|Any CPU
		{EE537B4D-9B5A-B7D3-D2B9-5A6647C7C552}.Release|Any CPU.ActiveCfg = Release|Any CPU
		{EE537B4D-9B5A-B7D3-D2B9-5A6647C7C552}.Release|Any CPU.Build.0 = Release|Any CPU
	EndGlobalSection
	GlobalSection(SolutionProperties) = preSolution
		HideSolutionNode = FALSE
	EndGlobalSection
	GlobalSection(NestedProjects) = preSolution
		{EE537B4D-9B5A-B7D3-D2B9-5A6647C7C552} = {025CD755-29FC-D5EE-43B4-AF1FEEC65CD0}
	EndGlobalSection
	GlobalSection(ExtensibilityGlobals) = postSolution
		SolutionGuid = {88B58B24-535E-4681-B84C-C725C2AA59D4}
	EndGlobalSection
EndGlobal
